<?xml version="1.0" encoding="utf-8"?>
<Project ToolsVersion="4.0" xmlns="http://schemas.microsoft.com/developer/msbuild/2003">
  <ItemGroup>
    <ClInclude Include="..\..\..\..\framework\system\include\input_manager.h">
      <Filter>framework\system\include</Filter>
    </ClInclude>
    <ClInclude Include="..\..\..\..\framework\system\include\input_manager_type.h">
      <Filter>framework\system\include</Filter>
    </ClInclude>
    <ClInclude Include="..\..\..\..\framework\base\include\core\app_manager.h">
      <Filter>framework\base\include\core</Filter>
    </ClInclude>
    <ClInclude Include="..\..\..\..\framework\base\include\core\mem_manager.h">
      <Filter>framework\base\include\core</Filter>
    </ClInclude>
    <ClInclude Include="..\..\..\..\framework\base\include\core\msg_manager.h">
      <Filter>framework\base\include\core</Filter>
    </ClInclude>
    <ClInclude Include="..\..\..\..\framework\base\include\core\property_manager.h">
      <Filter>framework\base\include\core</Filter>
    </ClInclude>
    <ClInclude Include="..\..\..\..\framework\base\include\core\srv_manager.h">
      <Filter>framework\base\include\core</Filter>
    </ClInclude>
    <ClInclude Include="..\..\..\..\framework\base\include\utils\acts_ringbuf.h">
      <Filter>framework\base\include\utils</Filter>
    </ClInclude>
    <ClInclude Include="..\..\..\..\framework\base\include\utils\energy_statistics.h">
      <Filter>framework\base\include\utils</Filter>
    </ClInclude>
    <ClInclude Include="..\..\..\..\framework\base\include\utils\timeline.h">
      <Filter>framework\base\include\utils</Filter>
    </ClInclude>
    <ClInclude Include="..\..\..\..\framework\base\include\utils\iterator\file_iterator.h">
      <Filter>framework\base\include\utils\iterator</Filter>
    </ClInclude>
    <ClInclude Include="..\..\..\..\framework\base\include\utils\iterator\iterator.h">
      <Filter>framework\base\include\utils\iterator</Filter>
    </ClInclude>
    <ClInclude Include="..\..\..\..\framework\base\include\utils\stream\buffer_stream.h">
      <Filter>framework\base\include\utils\stream</Filter>
    </ClInclude>
    <ClInclude Include="..\..\..\..\framework\base\include\utils\stream\clone_stream.h">
      <Filter>framework\base\include\utils\stream</Filter>
    </ClInclude>
    <ClInclude Include="..\..\..\..\framework\base\include\utils\stream\file_stream.h">
      <Filter>framework\base\include\utils\stream</Filter>
    </ClInclude>
    <ClInclude Include="..\..\..\..\framework\base\include\utils\stream\loop_fstream.h">
      <Filter>framework\base\include\utils\stream</Filter>
    </ClInclude>
    <ClInclude Include="..\..\..\..\framework\base\include\utils\stream\net_stream.h">
      <Filter>framework\base\include\utils\stream</Filter>
    </ClInclude>
    <ClInclude Include="..\..\..\..\framework\base\include\utils\stream\psram_stream.h">
      <Filter>framework\base\include\utils\stream</Filter>
    </ClInclude>
    <ClInclude Include="..\..\..\..\framework\base\include\utils\stream\ringbuff_stream.h">
      <Filter>framework\base\include\utils\stream</Filter>
    </ClInclude>
    <ClInclude Include="..\..\..\..\framework\base\include\utils\stream\stream.h">
      <Filter>framework\base\include\utils\stream</Filter>
    </ClInclude>
    <ClInclude Include="..\..\..\..\framework\base\include\utils\stream\zero_stream.h">
      <Filter>framework\base\include\utils\stream</Filter>
    </ClInclude>
    <ClInclude Include="..\..\..\..\framework\display\libdisplay\ui_service\ui_service_inner.h">
      <Filter>framework\display\libdisplay\ui_service</Filter>
    </ClInclude>
    <ClInclude Include="..\..\..\..\framework\display\libdisplay\ui_service\view_manager_inner.h">
      <Filter>framework\display\libdisplay\ui_service</Filter>
    </ClInclude>
    <ClInclude Include="simulator_config.h" />
    <ClInclude Include="framework_porting\include\dma2d_hal.h">
      <Filter>framework_porting\include</Filter>
    </ClInclude>
    <ClInclude Include="framework_porting\include\os_common_api.h">
      <Filter>framework_porting\include</Filter>
    </ClInclude>
    <ClInclude Include="..\..\..\..\framework\display\include\bitmap_font_api.h">
      <Filter>framework\display\include</Filter>
    </ClInclude>
    <ClInclude Include="..\..\..\..\framework\display\include\font_mempool.h">
      <Filter>framework\display\include</Filter>
    </ClInclude>
    <ClInclude Include="..\..\..\..\framework\display\include\freetype_font_api.h">
      <Filter>framework\display\include</Filter>
    </ClInclude>
    <ClInclude Include="..\..\..\..\framework\display\include\input_recorder.h">
      <Filter>framework\display\include</Filter>
    </ClInclude>
    <ClInclude Include="..\..\..\..\framework\display\include\led_manager.h">
      <Filter>framework\display\include</Filter>
    </ClInclude>
    <ClInclude Include="..\..\..\..\framework\display\include\lz4.h">
      <Filter>framework\display\include</Filter>
    </ClInclude>
    <ClInclude Include="..\..\..\..\framework\display\include\msgbox_cache.h">
      <Filter>framework\display\include</Filter>
    </ClInclude>
    <ClInclude Include="..\..\..\..\framework\display\include\res_manager_api.h">
      <Filter>framework\display\include</Filter>
    </ClInclude>
    <ClInclude Include="..\..\..\..\framework\display\include\res_mempool.h">
      <Filter>framework\display\include</Filter>
    </ClInclude>
    <ClInclude Include="..\..\..\..\framework\display\include\ui_manager.h">
      <Filter>framework\display\include</Filter>
    </ClInclude>
    <ClInclude Include="..\..\..\..\framework\display\include\ui_math.h">
      <Filter>framework\display\include</Filter>
    </ClInclude>
    <ClInclude Include="..\..\..\..\framework\display\include\ui_mem.h">
      <Filter>framework\display\include</Filter>
    </ClInclude>
    <ClInclude Include="..\..\..\..\framework\display\include\ui_region.h">
      <Filter>framework\display\include</Filter>
    </ClInclude>
    <ClInclude Include="..\..\..\..\framework\display\include\ui_service.h">
      <Filter>framework\display\include</Filter>
    </ClInclude>
    <ClInclude Include="..\..\..\..\framework\display\include\ui_surface.h">
      <Filter>framework\display\include</Filter>
    </ClInclude>
    <ClInclude Include="..\..\..\..\framework\display\include\view_cache.h">
      <Filter>framework\display\include</Filter>
    </ClInclude>
    <ClInclude Include="..\..\..\..\framework\display\include\view_manager.h">
      <Filter>framework\display\include</Filter>
    </ClInclude>
    <ClInclude Include="..\..\..\..\framework\display\include\view_stack.h">
      <Filter>framework\display\include</Filter>
    </ClInclude>
    <ClInclude Include="..\..\..\..\framework\display\include\lvgl\lvgl_bitmap_font.h">
      <Filter>framework\display\include\lvgl</Filter>
    </ClInclude>
    <ClInclude Include="..\..\..\..\framework\display\include\lvgl\lvgl_freetype_font.h">
      <Filter>framework\display\include\lvgl</Filter>
    </ClInclude>
    <ClInclude Include="..\..\..\..\framework\display\include\lvgl\lvgl_img_loader.h">
      <Filter>framework\display\include\lvgl</Filter>
    </ClInclude>
    <ClInclude Include="..\..\..\..\framework\display\include\lvgl\lvgl_memory.h">
      <Filter>framework\display\include\lvgl</Filter>
    </ClInclude>
    <ClInclude Include="..\..\..\..\framework\display\include\lvgl\lvgl_res_loader.h">
      <Filter>framework\display\include\lvgl</Filter>
    </ClInclude>
    <ClInclude Include="..\..\..\..\framework\display\include\lvgl\lvgl_view.h">
      <Filter>framework\display\include\lvgl</Filter>
    </ClInclude>
    <ClInclude Include="..\..\..\..\framework\display\include\lvgl\lvgl_img_decoder.h">
      <Filter>framework\display\include\lvgl</Filter>
    </ClInclude>
    <ClInclude Include="..\..\..\..\framework\display\include\vg_lite\vg_lite.h">
      <Filter>framework\display\include\vg_lite</Filter>
    </ClInclude>
    <ClInclude Include="..\..\..\..\framework\display\include\compress_api.h">
      <Filter>framework\display\include</Filter>
    </ClInclude>
    <ClInclude Include="..\..\..\..\framework\display\include\lvgl\lvgl_virtual_display.h">
      <Filter>framework\display\include\lvgl</Filter>
    </ClInclude>
    <ClInclude Include="..\..\..\..\framework\display\include\lvgl\lvgl_widgets.h">
      <Filter>framework\display\include\lvgl</Filter>
    </ClInclude>
    <ClInclude Include="..\..\..\..\framework\display\include\lvgl\widgets\cube_map.h">
      <Filter>framework\display\include\lvgl\widgets</Filter>
    </ClInclude>
    <ClInclude Include="..\..\..\..\framework\display\include\lvgl\widgets\face_map.h">
      <Filter>framework\display\include\lvgl\widgets</Filter>
    </ClInclude>
    <ClInclude Include="..\..\..\..\framework\display\include\lvgl\widgets\img2d_map.h">
      <Filter>framework\display\include\lvgl\widgets</Filter>
    </ClInclude>
    <ClInclude Include="..\..\..\..\zephyr\framework\include\display\display_composer.h">
      <Filter>framework_porting\include\display</Filter>
    </ClInclude>
    <ClInclude Include="..\..\..\..\zephyr\framework\include\display\display_hal.h">
      <Filter>framework_porting\include\display</Filter>
    </ClInclude>
    <ClInclude Include="..\..\..\..\zephyr\framework\include\display\graphic_buffer.h">
      <Filter>framework_porting\include\display</Filter>
    </ClInclude>
    <ClInclude Include="..\..\..\..\zephyr\framework\include\display\sw_draw.h">
      <Filter>framework_porting\include\display</Filter>
    </ClInclude>
    <ClInclude Include="..\..\..\..\zephyr\framework\include\display\sw_math.h">
      <Filter>framework_porting\include\display</Filter>
    </ClInclude>
    <ClInclude Include="..\..\..\..\zephyr\framework\include\display\sw_rotate.h">
      <Filter>framework_porting\include\display</Filter>
    </ClInclude>
    <ClInclude Include="..\..\..\..\zephyr\framework\include\display\ui_memsetcpy.h">
      <Filter>framework_porting\include\display</Filter>
    </ClInclude>
    <ClInclude Include="..\..\..\..\zephyr\framework\include\memory\mem_cache.h">
      <Filter>framework_porting\include\memory</Filter>
    </ClInclude>
    <ClInclude Include="..\..\..\..\zephyr\framework\include\ui_math.h">
      <Filter>framework_porting\include</Filter>
    </ClInclude>
    <ClInclude Include="..\..\..\..\zephyr\framework\include\ui_region.h">
      <Filter>framework_porting\include</Filter>
    </ClInclude>
    <ClInclude Include="framework_porting\include\drivers\display.h">
      <Filter>framework_porting\include\drivers</Filter>
    </ClInclude>
    <ClInclude Include="framework_porting\include\drivers\display\display_graphics.h">
      <Filter>framework_porting\include\drivers\display</Filter>
    </ClInclude>
  </ItemGroup>
  <ItemGroup>
    <ClCompile Include="..\..\..\..\framework\display\libdisplay\ui_service\gesture_manager.c">
      <Filter>framework\display\libdisplay\ui_service</Filter>
    </ClCompile>
    <ClCompile Include="..\..\..\..\framework\display\libdisplay\ui_service\input_dispatcher.c">
      <Filter>framework\display\libdisplay\ui_service</Filter>
    </ClCompile>
    <ClCompile Include="..\..\..\..\framework\display\libdisplay\ui_service\input_recorder.c">
      <Filter>framework\display\libdisplay\ui_service</Filter>
    </ClCompile>
    <ClCompile Include="..\..\..\..\framework\display\libdisplay\ui_service\input_recorder_buffer.c">
      <Filter>framework\display\libdisplay\ui_service</Filter>
    </ClCompile>
    <ClCompile Include="..\..\..\..\framework\display\libdisplay\ui_service\input_recorder_slide_fixedstep.c">
      <Filter>framework\display\libdisplay\ui_service</Filter>
    </ClCompile>
    <ClCompile Include="..\..\..\..\framework\display\libdisplay\ui_service\input_recorder_stream.c">
      <Filter>framework\display\libdisplay\ui_service</Filter>
    </ClCompile>
    <ClCompile Include="..\..\..\..\framework\display\libdisplay\ui_service\ui_service.c">
      <Filter>framework\display\libdisplay\ui_service</Filter>
    </ClCompile>
    <ClCompile Include="..\..\..\..\framework\display\libdisplay\ui_service\view_animation.c">
      <Filter>framework\display\libdisplay\ui_service</Filter>
    </ClCompile>
    <ClCompile Include="..\..\..\..\framework\display\libdisplay\ui_service\view_manager.c">
      <Filter>framework\display\libdisplay\ui_service</Filter>
    </ClCompile>
    <ClCompile Include="..\..\..\..\framework\display\libdisplay\ui_service\view_manager_gui.c">
      <Filter>framework\display\libdisplay\ui_service</Filter>
    </ClCompile>
    <ClCompile Include="..\..\..\..\framework\display\libdisplay\libdisplay_version.c">
      <Filter>framework\display\libdisplay</Filter>
    </ClCompile>
  </ItemGroup>
  <ItemGroup>
    <Filter Include="framework">
      <UniqueIdentifier>{e7d817e4-97de-4618-bbfe-8e5a101e115e}</UniqueIdentifier>
    </Filter>
    <Filter Include="framework\base">
      <UniqueIdentifier>{b9304b04-1342-4f71-8616-6fc7670ff0ee}</UniqueIdentifier>
    </Filter>
    <Filter Include="framework\base\include">
      <UniqueIdentifier>{78964667-ff3b-4103-8261-dc59fe967b57}</UniqueIdentifier>
    </Filter>
    <Filter Include="framework\base\include\core">
      <UniqueIdentifier>{ea22119c-3a9c-4b2c-b465-ddbe7c826634}</UniqueIdentifier>
    </Filter>
    <Filter Include="framework\base\include\utils">
      <UniqueIdentifier>{45707bc8-39ad-4a71-b89b-37dc0f440f85}</UniqueIdentifier>
    </Filter>
    <Filter Include="framework\base\include\utils\iterator">
      <UniqueIdentifier>{73e5dbe6-fb15-4ef7-ac8e-b86db0ccf067}</UniqueIdentifier>
    </Filter>
    <Filter Include="framework\base\include\utils\stream">
      <UniqueIdentifier>{73254365-79e2-4cd3-972c-0594d9744dee}</UniqueIdentifier>
    </Filter>
    <Filter Include="framework\display">
      <UniqueIdentifier>{d7b10601-5ce3-42f4-a162-956a3bd01dee}</UniqueIdentifier>
    </Filter>
    <Filter Include="framework\display\libdisplay">
      <UniqueIdentifier>{a0968fb1-229b-4e23-8c14-8b31afc44358}</UniqueIdentifier>
    </Filter>
    <Filter Include="framework\display\libdisplay\ui_service">
      <UniqueIdentifier>{1687fded-2112-4981-b5a1-beee55205746}</UniqueIdentifier>
    </Filter>
    <Filter Include="framework\system">
      <UniqueIdentifier>{9c9cf69a-7504-4195-aab7-5b79e6f1d183}</UniqueIdentifier>
    </Filter>
    <Filter Include="framework\system\include">
      <UniqueIdentifier>{0a4893a7-595d-4637-8a14-fa3235a12a7d}</UniqueIdentifier>
    </Filter>
    <Filter Include="framework_porting">
      <UniqueIdentifier>{46d61724-f740-411d-aeb1-425a71540123}</UniqueIdentifier>
    </Filter>
    <Filter Include="framework_porting\include">
      <UniqueIdentifier>{3a333759-f9df-4914-9874-28ffa39af5bd}</UniqueIdentifier>
    </Filter>
    <Filter Include="framework_porting\include\display">
      <UniqueIdentifier>{9af4b4d1-d592-40b6-ae88-ae0bb5c5c5a4}</UniqueIdentifier>
    </Filter>
    <Filter Include="framework_porting\include\memory">
      <UniqueIdentifier>{d0c53a6c-5ca7-4d42-8c2f-1ff1d6340068}</UniqueIdentifier>
    </Filter>
    <Filter Include="framework\display\include">
      <UniqueIdentifier>{4c050394-8076-4caa-b058-0583caba73b6}</UniqueIdentifier>
    </Filter>
    <Filter Include="framework\display\include\lvgl">
      <UniqueIdentifier>{e582f402-141e-47c3-aa65-834f83ac0ede}</UniqueIdentifier>
    </Filter>
    <Filter Include="framework\display\include\vg_lite">
      <UniqueIdentifier>{d0cb4f54-958b-4194-a6e3-cbe4761b8533}</UniqueIdentifier>
    </Filter>
    <Filter Include="framework\display\include\lvgl\widgets">
      <UniqueIdentifier>{f38c7cd9-34e8-4e42-91a8-90fadca014c7}</UniqueIdentifier>
    </Filter>
    <Filter Include="framework_porting\include\drivers">
      <UniqueIdentifier>{86123a99-a5d5-4118-84c8-88efcc52a621}</UniqueIdentifier>
    </Filter>
    <Filter Include="framework_porting\include\drivers\display">
      <UniqueIdentifier>{d710c58d-e74e-4d5f-8ff5-4667d8ee630d}</UniqueIdentifier>
    </Filter>
  </ItemGroup>
</Project>